# This file is automatically @generated by Cargo.
# It is not intended for manual editing.
version = 3

[[package]]
name = "fender"
version = "0.1.0"
dependencies = [
 "flux_bnf",
 "freight_vm",
]

[[package]]
name = "flux_bnf"
version = "0.1.0"
source = "git+https://github.com/FenderLang/Flux?branch=master#1219add66d89b4a97f38fe640a81d9eb9dd72b14"

[[package]]
name = "freight_vm"
version = "0.1.0"
source = "git+https://github.com/FenderLang/Freight?rev=0ba62c90e20c09ffb5941316bb5cd32c53c0dc67#0ba62c90e20c09ffb5941316bb5cd32c53c0dc67"
