# This file is automatically @generated by Cargo.
# It is not intended for manual editing.
version = 3

[[package]]
name = "fender"
version = "0.1.0"
dependencies = [
 "flux_bnf",
 "freight_vm",
]

[[package]]
name = "flux_bnf"
version = "0.1.0"
source = "git+https://github.com/FenderLang/Flux?branch=master#1b2f64687058c677f342056e8bf5cae5a0684c31"

[[package]]
name = "freight_vm"
version = "0.1.0"
source = "git+https://github.com/FenderLang/Freight?branch=master#82b4c432c2ba02a57a7c13f4d48243ab2c939446"
